
Microsoft Visual Studio Solution File, Format Version 12.00
# Visual Studio Version 16
VisualStudioVersion = 16.0.30503.244
MinimumVisualStudioVersion = 15.0.26124.0
Project("{9A19103F-16F7-4668-BE54-9A1E7A4F7556}") = "DFC.TestAutomation.UI", "DFC.TestAutomation.UI\DFC.TestAutomation.UI.csproj", "{12B1A410-DE8B-4F45-97E1-E0B502FDECC7}"
EndProject
Project("{2150E333-8FDC-42A3-9474-1A3956D46DE8}") = "_Solution Items", "_Solution Items", "{A503B27F-E025-41C6-B903-29B32243533A}"
	ProjectSection(SolutionItems) = preProject
		.editorconfig = .editorconfig
		.gitattributes = .gitattributes
		.gitignore = .gitignore
		CODEOWNERS = CODEOWNERS
		LICENSE = LICENSE
		README.md = README.md
		stylecop.json = stylecop.json
	EndProjectSection
EndProject
Project("{FAE04EC0-301F-11D3-BF4B-00C04F79EFBC}") = "DFC.TestAutomation.UI.UnitTests", "DFC.TestAutomation.UI.UnitTests\DFC.TestAutomation.UI.UnitTests.csproj", "{753D16DF-32D6-400D-B614-2CB7C3B0A4B5}"
EndProject
Global
	GlobalSection(SolutionConfigurationPlatforms) = preSolution
		Debug|Any CPU = Debug|Any CPU
		Debug|x64 = Debug|x64
		Debug|x86 = Debug|x86
		Release|Any CPU = Release|Any CPU
		Release|x64 = Release|x64
		Release|x86 = Release|x86
	EndGlobalSection
	GlobalSection(ProjectConfigurationPlatforms) = postSolution
		{12B1A410-DE8B-4F45-97E1-E0B502FDECC7}.Debug|Any CPU.ActiveCfg = Debug|Any CPU
		{12B1A410-DE8B-4F45-97E1-E0B502FDECC7}.Debug|Any CPU.Build.0 = Debug|Any CPU
		{12B1A410-DE8B-4F45-97E1-E0B502FDECC7}.Debug|x64.ActiveCfg = Debug|Any CPU
		{12B1A410-DE8B-4F45-97E1-E0B502FDECC7}.Debug|x64.Build.0 = Debug|Any CPU
		{12B1A410-DE8B-4F45-97E1-E0B502FDECC7}.Debug|x86.ActiveCfg = Debug|Any CPU
		{12B1A410-DE8B-4F45-97E1-E0B502FDECC7}.Debug|x86.Build.0 = Debug|Any CPU
		{12B1A410-DE8B-4F45-97E1-E0B502FDECC7}.Release|Any CPU.ActiveCfg = Release|Any CPU
		{12B1A410-DE8B-4F45-97E1-E0B502FDECC7}.Release|Any CPU.Build.0 = Release|Any CPU
		{12B1A410-DE8B-4F45-97E1-E0B502FDECC7}.Release|x64.ActiveCfg = Release|Any CPU
		{12B1A410-DE8B-4F45-97E1-E0B502FDECC7}.Release|x64.Build.0 = Release|Any CPU
		{12B1A410-DE8B-4F45-97E1-E0B502FDECC7}.Release|x86.ActiveCfg = Release|Any CPU
		{12B1A410-DE8B-4F45-97E1-E0B502FDECC7}.Release|x86.Build.0 = Release|Any CPU
		{753D16DF-32D6-400D-B614-2CB7C3B0A4B5}.Debug|Any CPU.ActiveCfg = Debug|Any CPU
		{753D16DF-32D6-400D-B614-2CB7C3B0A4B5}.Debug|Any CPU.Build.0 = Debug|Any CPU
		{753D16DF-32D6-400D-B614-2CB7C3B0A4B5}.Debug|x64.ActiveCfg = Debug|Any CPU
		{753D16DF-32D6-400D-B614-2CB7C3B0A4B5}.Debug|x64.Build.0 = Debug|Any CPU
		{753D16DF-32D6-400D-B614-2CB7C3B0A4B5}.Debug|x86.ActiveCfg = Debug|Any CPU
		{753D16DF-32D6-400D-B614-2CB7C3B0A4B5}.Debug|x86.Build.0 = Debug|Any CPU
		{753D16DF-32D6-400D-B614-2CB7C3B0A4B5}.Release|Any CPU.ActiveCfg = Release|Any CPU
		{753D16DF-32D6-400D-B614-2CB7C3B0A4B5}.Release|Any CPU.Build.0 = Release|Any CPU
		{753D16DF-32D6-400D-B614-2CB7C3B0A4B5}.Release|x64.ActiveCfg = Release|Any CPU
		{753D16DF-32D6-400D-B614-2CB7C3B0A4B5}.Release|x64.Build.0 = Release|Any CPU
		{753D16DF-32D6-400D-B614-2CB7C3B0A4B5}.Release|x86.ActiveCfg = Release|Any CPU
		{753D16DF-32D6-400D-B614-2CB7C3B0A4B5}.Release|x86.Build.0 = Release|Any CPU
	EndGlobalSection
	GlobalSection(SolutionProperties) = preSolution
		HideSolutionNode = FALSE
	EndGlobalSection
	GlobalSection(ExtensibilityGlobals) = postSolution
		SolutionGuid = {5288AC7D-F71E-49A9-8CE6-CF069058ADF9}
	EndGlobalSection
EndGlobal
